// !$*UTF8*$!
{
	archiveVersion = 1;
	classes = {
	};
	objectVersion = 50;
	objects = {

/* Begin PBXBuildFile section */
		9BCAD4324F4A2F5FF24A5C24 /* Pods_CRM_Repair_Master.framework in Frameworks */ = {isa = PBXBuildFile; fileRef = 2946C14750A10576C8F9B261 /* Pods_CRM_Repair_Master.framework */; };
		FA119EA4221A00860062BFFE /* AppDelegate.swift in Sources */ = {isa = PBXBuildFile; fileRef = FA119EA3221A00860062BFFE /* AppDelegate.swift */; };
		FA119EA6221A00860062BFFE /* MyClientsVC.swift in Sources */ = {isa = PBXBuildFile; fileRef = FA119EA5221A00860062BFFE /* MyClientsVC.swift */; };
		FA119EA9221A00860062BFFE /* Main.storyboard in Resources */ = {isa = PBXBuildFile; fileRef = FA119EA7221A00860062BFFE /* Main.storyboard */; };
		FA119EAB221A00890062BFFE /* Assets.xcassets in Resources */ = {isa = PBXBuildFile; fileRef = FA119EAA221A00890062BFFE /* Assets.xcassets */; };
		FA119EAE221A00890062BFFE /* LaunchScreen.storyboard in Resources */ = {isa = PBXBuildFile; fileRef = FA119EAC221A00890062BFFE /* LaunchScreen.storyboard */; };
		FA270BE8222C6991000E77C8 /* MainVC.swift in Sources */ = {isa = PBXBuildFile; fileRef = FA270BE7222C6991000E77C8 /* MainVC.swift */; };
		FA270BEA222DAC74000E77C8 /* Order.swift in Sources */ = {isa = PBXBuildFile; fileRef = FA270BE9222DAC74000E77C8 /* Order.swift */; };
		FA2A7E1A223C0556005CE185 /* DetailsOfServiceVC.swift in Sources */ = {isa = PBXBuildFile; fileRef = FA2A7E19223C0556005CE185 /* DetailsOfServiceVC.swift */; };
		FA40AC2B224A82DC0063C9B8 /* ViewOrderDateAndStatus.swift in Sources */ = {isa = PBXBuildFile; fileRef = FA40AC2A224A82DC0063C9B8 /* ViewOrderDateAndStatus.swift */; };
		FA40AC2D224A83120063C9B8 /* ViewBackground.swift in Sources */ = {isa = PBXBuildFile; fileRef = FA40AC2C224A83120063C9B8 /* ViewBackground.swift */; };
		FA97416C222296FF0089D5A6 /* Client.swift in Sources */ = {isa = PBXBuildFile; fileRef = FA97416B222296FF0089D5A6 /* Client.swift */; };
		FA9741722222EB4F0089D5A6 /* CreateAndEditClientVC.swift in Sources */ = {isa = PBXBuildFile; fileRef = FA9741712222EB4F0089D5A6 /* CreateAndEditClientVC.swift */; };
		FA9741742222F7010089D5A6 /* DetailsOfClientVC.swift in Sources */ = {isa = PBXBuildFile; fileRef = FA9741732222F7010089D5A6 /* DetailsOfClientVC.swift */; };
		FACCC0372226F37D00B1B020 /* MyOrderVC.swift in Sources */ = {isa = PBXBuildFile; fileRef = FACCC0362226F37D00B1B020 /* MyOrderVC.swift */; };
		FACCC0392226F4A500B1B020 /* DetailsOfOrderVC.swift in Sources */ = {isa = PBXBuildFile; fileRef = FACCC0382226F4A500B1B020 /* DetailsOfOrderVC.swift */; };
		FACCC03B2226F57C00B1B020 /* CreateNewOrderVC.swift in Sources */ = {isa = PBXBuildFile; fileRef = FACCC03A2226F57C00B1B020 /* CreateNewOrderVC.swift */; };
		FAFD9A8B223839E9003C2C7E /* MyServicesVC.swift in Sources */ = {isa = PBXBuildFile; fileRef = FAFD9A8A223839E9003C2C7E /* MyServicesVC.swift */; };
		FAFD9A8D2239595D003C2C7E /* Services.swift in Sources */ = {isa = PBXBuildFile; fileRef = FAFD9A8C2239595D003C2C7E /* Services.swift */; };
		FAFD9A8F2239861F003C2C7E /* CreateNewServiceVC.swift in Sources */ = {isa = PBXBuildFile; fileRef = FAFD9A8E2239861E003C2C7E /* CreateNewServiceVC.swift */; };
/* End PBXBuildFile section */

/* Begin PBXFileReference section */
		102FA1EBE847F35DB55D8D75 /* Pods-CRM Repair Master.debug.xcconfig */ = {isa = PBXFileReference; includeInIndex = 1; lastKnownFileType = text.xcconfig; name = "Pods-CRM Repair Master.debug.xcconfig"; path = "Target Support Files/Pods-CRM Repair Master/Pods-CRM Repair Master.debug.xcconfig"; sourceTree = "<group>"; };
		2946C14750A10576C8F9B261 /* Pods_CRM_Repair_Master.framework */ = {isa = PBXFileReference; explicitFileType = wrapper.framework; includeInIndex = 0; path = Pods_CRM_Repair_Master.framework; sourceTree = BUILT_PRODUCTS_DIR; };
		89F1053A63515F58F4F9FFFD /* Pods-CRM Repair Master.release.xcconfig */ = {isa = PBXFileReference; includeInIndex = 1; lastKnownFileType = text.xcconfig; name = "Pods-CRM Repair Master.release.xcconfig"; path = "Target Support Files/Pods-CRM Repair Master/Pods-CRM Repair Master.release.xcconfig"; sourceTree = "<group>"; };
		FA119EA0221A00860062BFFE /* CRM Repair Master.app */ = {isa = PBXFileReference; explicitFileType = wrapper.application; includeInIndex = 0; path = "CRM Repair Master.app"; sourceTree = BUILT_PRODUCTS_DIR; };
		FA119EA3221A00860062BFFE /* AppDelegate.swift */ = {isa = PBXFileReference; lastKnownFileType = sourcecode.swift; path = AppDelegate.swift; sourceTree = "<group>"; };
		FA119EA5221A00860062BFFE /* MyClientsVC.swift */ = {isa = PBXFileReference; lastKnownFileType = sourcecode.swift; path = MyClientsVC.swift; sourceTree = "<group>"; };
		FA119EA8221A00860062BFFE /* Base */ = {isa = PBXFileReference; lastKnownFileType = file.storyboard; name = Base; path = Base.lproj/Main.storyboard; sourceTree = "<group>"; };
		FA119EAA221A00890062BFFE /* Assets.xcassets */ = {isa = PBXFileReference; lastKnownFileType = folder.assetcatalog; path = Assets.xcassets; sourceTree = "<group>"; };
		FA119EAD221A00890062BFFE /* Base */ = {isa = PBXFileReference; lastKnownFileType = file.storyboard; name = Base; path = Base.lproj/LaunchScreen.storyboard; sourceTree = "<group>"; };
		FA119EAF221A00890062BFFE /* Info.plist */ = {isa = PBXFileReference; lastKnownFileType = text.plist.xml; path = Info.plist; sourceTree = "<group>"; };
		FA270BE7222C6991000E77C8 /* MainVC.swift */ = {isa = PBXFileReference; lastKnownFileType = sourcecode.swift; path = MainVC.swift; sourceTree = "<group>"; };
		FA270BE9222DAC74000E77C8 /* Order.swift */ = {isa = PBXFileReference; lastKnownFileType = sourcecode.swift; path = Order.swift; sourceTree = "<group>"; };
		FA2A7E19223C0556005CE185 /* DetailsOfServiceVC.swift */ = {isa = PBXFileReference; lastKnownFileType = sourcecode.swift; path = DetailsOfServiceVC.swift; sourceTree = "<group>"; };
		FA40AC2A224A82DC0063C9B8 /* ViewOrderDateAndStatus.swift */ = {isa = PBXFileReference; lastKnownFileType = sourcecode.swift; path = ViewOrderDateAndStatus.swift; sourceTree = "<group>"; };
		FA40AC2C224A83120063C9B8 /* ViewBackground.swift */ = {isa = PBXFileReference; lastKnownFileType = sourcecode.swift; path = ViewBackground.swift; sourceTree = "<group>"; };
		FA97416B222296FF0089D5A6 /* Client.swift */ = {isa = PBXFileReference; lastKnownFileType = sourcecode.swift; path = Client.swift; sourceTree = "<group>"; };
		FA9741712222EB4F0089D5A6 /* CreateAndEditClientVC.swift */ = {isa = PBXFileReference; lastKnownFileType = sourcecode.swift; path = CreateAndEditClientVC.swift; sourceTree = "<group>"; };
		FA9741732222F7010089D5A6 /* DetailsOfClientVC.swift */ = {isa = PBXFileReference; lastKnownFileType = sourcecode.swift; path = DetailsOfClientVC.swift; sourceTree = "<group>"; };
		FACCC0362226F37D00B1B020 /* MyOrderVC.swift */ = {isa = PBXFileReference; lastKnownFileType = sourcecode.swift; path = MyOrderVC.swift; sourceTree = "<group>"; };
		FACCC0382226F4A500B1B020 /* DetailsOfOrderVC.swift */ = {isa = PBXFileReference; lastKnownFileType = sourcecode.swift; path = DetailsOfOrderVC.swift; sourceTree = "<group>"; };
		FACCC03A2226F57C00B1B020 /* CreateNewOrderVC.swift */ = {isa = PBXFileReference; lastKnownFileType = sourcecode.swift; path = CreateNewOrderVC.swift; sourceTree = "<group>"; };
		FAFD9A8A223839E9003C2C7E /* MyServicesVC.swift */ = {isa = PBXFileReference; lastKnownFileType = sourcecode.swift; name = MyServicesVC.swift; path = "/Users/macbook/Desktop/Developer/WebAcademy/CRM Repair Master/CRM Repair Master/VC/MyServicesVC.swift"; sourceTree = "<absolute>"; };
		FAFD9A8C2239595D003C2C7E /* Services.swift */ = {isa = PBXFileReference; lastKnownFileType = sourcecode.swift; path = Services.swift; sourceTree = "<group>"; };
		FAFD9A8E2239861E003C2C7E /* CreateNewServiceVC.swift */ = {isa = PBXFileReference; lastKnownFileType = sourcecode.swift; path = CreateNewServiceVC.swift; sourceTree = "<group>"; };
/* End PBXFileReference section */

/* Begin PBXFrameworksBuildPhase section */
		FA119E9D221A00860062BFFE /* Frameworks */ = {
			isa = PBXFrameworksBuildPhase;
			buildActionMask = 2147483647;
			files = (
				9BCAD4324F4A2F5FF24A5C24 /* Pods_CRM_Repair_Master.framework in Frameworks */,
			);
			runOnlyForDeploymentPostprocessing = 0;
		};
/* End PBXFrameworksBuildPhase section */

/* Begin PBXGroup section */
		22855D503C9EF25C937943D2 /* Frameworks */ = {
			isa = PBXGroup;
			children = (
				2946C14750A10576C8F9B261 /* Pods_CRM_Repair_Master.framework */,
			);
			name = Frameworks;
			sourceTree = "<group>";
		};
		324D55919CBBA253A895B319 /* Pods */ = {
			isa = PBXGroup;
			children = (
				102FA1EBE847F35DB55D8D75 /* Pods-CRM Repair Master.debug.xcconfig */,
				89F1053A63515F58F4F9FFFD /* Pods-CRM Repair Master.release.xcconfig */,
			);
			path = Pods;
			sourceTree = "<group>";
		};
		FA119E97221A00860062BFFE = {
			isa = PBXGroup;
			children = (
				FA119EA2221A00860062BFFE /* CRM Repair Master */,
				FA119EA1221A00860062BFFE /* Products */,
				324D55919CBBA253A895B319 /* Pods */,
				22855D503C9EF25C937943D2 /* Frameworks */,
			);
			sourceTree = "<group>";
		};
		FA119EA1221A00860062BFFE /* Products */ = {
			isa = PBXGroup;
			children = (
				FA119EA0221A00860062BFFE /* CRM Repair Master.app */,
			);
			name = Products;
			sourceTree = "<group>";
		};
		FA119EA2221A00860062BFFE /* CRM Repair Master */ = {
			isa = PBXGroup;
			children = (
				FA119EA7221A00860062BFFE /* Main.storyboard */,
				FA974168222296840089D5A6 /* View */,
				FA9741672222966A0089D5A6 /* VC */,
				FA974166222296570089D5A6 /* Model */,
				FA119EA3221A00860062BFFE /* AppDelegate.swift */,
				FA119EAA221A00890062BFFE /* Assets.xcassets */,
				FA119EAC221A00890062BFFE /* LaunchScreen.storyboard */,
				FA119EAF221A00890062BFFE /* Info.plist */,
			);
			path = "CRM Repair Master";
			sourceTree = "<group>";
		};
		FA974166222296570089D5A6 /* Model */ = {
			isa = PBXGroup;
			children = (
				FA270BE9222DAC74000E77C8 /* Order.swift */,
				FA97416B222296FF0089D5A6 /* Client.swift */,
				FAFD9A8C2239595D003C2C7E /* Services.swift */,
			);
			path = Model;
			sourceTree = "<group>";
		};
		FA9741672222966A0089D5A6 /* VC */ = {
			isa = PBXGroup;
			children = (
				FA270BE7222C6991000E77C8 /* MainVC.swift */,
				FACCC0362226F37D00B1B020 /* MyOrderVC.swift */,
				FACCC0382226F4A500B1B020 /* DetailsOfOrderVC.swift */,
				FACCC03A2226F57C00B1B020 /* CreateNewOrderVC.swift */,
				FA119EA5221A00860062BFFE /* MyClientsVC.swift */,
				FA9741732222F7010089D5A6 /* DetailsOfClientVC.swift */,
				FA9741712222EB4F0089D5A6 /* CreateAndEditClientVC.swift */,
				FAFD9A8A223839E9003C2C7E /* MyServicesVC.swift */,
				FA2A7E19223C0556005CE185 /* DetailsOfServiceVC.swift */,
				FAFD9A8E2239861E003C2C7E /* CreateNewServiceVC.swift */,
			);
			path = VC;
			sourceTree = "<group>";
		};
		FA974168222296840089D5A6 /* View */ = {
			isa = PBXGroup;
			children = (
				FA40AC2A224A82DC0063C9B8 /* ViewOrderDateAndStatus.swift */,
				FA40AC2C224A83120063C9B8 /* ViewBackground.swift */,
			);
			path = View;
			sourceTree = "<group>";
		};
/* End PBXGroup section */

/* Begin PBXNativeTarget section */
		FA119E9F221A00860062BFFE /* CRM Repair Master */ = {
			isa = PBXNativeTarget;
			buildConfigurationList = FA119EB2221A00890062BFFE /* Build configuration list for PBXNativeTarget "CRM Repair Master" */;
			buildPhases = (
				DA9B243A0A0851C55B7703E3 /* [CP] Check Pods Manifest.lock */,
				FA119E9C221A00860062BFFE /* Sources */,
				FA119E9D221A00860062BFFE /* Frameworks */,
				FA119E9E221A00860062BFFE /* Resources */,
				3C38CB5857A1DD8BDE6DB115 /* [CP] Embed Pods Frameworks */,
			);
			buildRules = (
			);
			dependencies = (
			);
			name = "CRM Repair Master";
			productName = "CRM Repair Master";
			productReference = FA119EA0221A00860062BFFE /* CRM Repair Master.app */;
			productType = "com.apple.product-type.application";
		};
/* End PBXNativeTarget section */

/* Begin PBXProject section */
		FA119E98221A00860062BFFE /* Project object */ = {
			isa = PBXProject;
			attributes = {
				LastSwiftUpdateCheck = 1010;
				LastUpgradeCheck = 1010;
				ORGANIZATIONNAME = Nikolay_Romanov;
				TargetAttributes = {
					FA119E9F221A00860062BFFE = {
						CreatedOnToolsVersion = 10.1;
					};
				};
			};
			buildConfigurationList = FA119E9B221A00860062BFFE /* Build configuration list for PBXProject "CRM Repair Master" */;
			compatibilityVersion = "Xcode 9.3";
			developmentRegion = en;
			hasScannedForEncodings = 0;
			knownRegions = (
				en,
				Base,
			);
			mainGroup = FA119E97221A00860062BFFE;
			productRefGroup = FA119EA1221A00860062BFFE /* Products */;
			projectDirPath = "";
			projectRoot = "";
			targets = (
				FA119E9F221A00860062BFFE /* CRM Repair Master */,
			);
		};
/* End PBXProject section */

/* Begin PBXResourcesBuildPhase section */
		FA119E9E221A00860062BFFE /* Resources */ = {
			isa = PBXResourcesBuildPhase;
			buildActionMask = 2147483647;
			files = (
				FA119EAE221A00890062BFFE /* LaunchScreen.storyboard in Resources */,
				FA119EAB221A00890062BFFE /* Assets.xcassets in Resources */,
				FA119EA9221A00860062BFFE /* Main.storyboard in Resources */,
			);
			runOnlyForDeploymentPostprocessing = 0;
		};
/* End PBXResourcesBuildPhase section */

/* Begin PBXShellScriptBuildPhase section */
		3C38CB5857A1DD8BDE6DB115 /* [CP] Embed Pods Frameworks */ = {
			isa = PBXShellScriptBuildPhase;
			buildActionMask = 2147483647;
			files = (
			);
			inputFileListPaths = (
			);
			inputPaths = (
				"${PODS_ROOT}/Target Support Files/Pods-CRM Repair Master/Pods-CRM Repair Master-frameworks.sh",
				"${BUILT_PRODUCTS_DIR}/Bolts/Bolts.framework",
				"${BUILT_PRODUCTS_DIR}/Parse/Parse.framework",
			);
			name = "[CP] Embed Pods Frameworks";
			outputFileListPaths = (
			);
			outputPaths = (
				"${TARGET_BUILD_DIR}/${FRAMEWORKS_FOLDER_PATH}/Bolts.framework",
				"${TARGET_BUILD_DIR}/${FRAMEWORKS_FOLDER_PATH}/Parse.framework",
			);
			runOnlyForDeploymentPostprocessing = 0;
			shellPath = /bin/sh;
			shellScript = "\"${PODS_ROOT}/Target Support Files/Pods-CRM Repair Master/Pods-CRM Repair Master-frameworks.sh\"\n";
			showEnvVarsInLog = 0;
		};
		DA9B243A0A0851C55B7703E3 /* [CP] Check Pods Manifest.lock */ = {
			isa = PBXShellScriptBuildPhase;
			buildActionMask = 2147483647;
			files = (
			);
			inputFileListPaths = (
			);
			inputPaths = (
				"${PODS_PODFILE_DIR_PATH}/Podfile.lock",
				"${PODS_ROOT}/Manifest.lock",
			);
			name = "[CP] Check Pods Manifest.lock";
			outputFileListPaths = (
			);
			outputPaths = (
				"$(DERIVED_FILE_DIR)/Pods-CRM Repair Master-checkManifestLockResult.txt",
			);
			runOnlyForDeploymentPostprocessing = 0;
			shellPath = /bin/sh;
			shellScript = "diff \"${PODS_PODFILE_DIR_PATH}/Podfile.lock\" \"${PODS_ROOT}/Manifest.lock\" > /dev/null\nif [ $? != 0 ] ; then\n    # print error to STDERR\n    echo \"error: The sandbox is not in sync with the Podfile.lock. Run 'pod install' or update your CocoaPods installation.\" >&2\n    exit 1\nfi\n# This output is used by Xcode 'outputs' to avoid re-running this script phase.\necho \"SUCCESS\" > \"${SCRIPT_OUTPUT_FILE_0}\"\n";
			showEnvVarsInLog = 0;
		};
/* End PBXShellScriptBuildPhase section */

/* Begin PBXSourcesBuildPhase section */
		FA119E9C221A00860062BFFE /* Sources */ = {
			isa = PBXSourcesBuildPhase;
			buildActionMask = 2147483647;
			files = (
				FA9741722222EB4F0089D5A6 /* CreateAndEditClientVC.swift in Sources */,
				FAFD9A8D2239595D003C2C7E /* Services.swift in Sources */,
				FA2A7E1A223C0556005CE185 /* DetailsOfServiceVC.swift in Sources */,
				FAFD9A8F2239861F003C2C7E /* CreateNewServiceVC.swift in Sources */,
				FA270BE8222C6991000E77C8 /* MainVC.swift in Sources */,
				FA270BEA222DAC74000E77C8 /* Order.swift in Sources */,
				FACCC0392226F4A500B1B020 /* DetailsOfOrderVC.swift in Sources */,
				FA40AC2B224A82DC0063C9B8 /* ViewOrderDateAndStatus.swift in Sources */,
				FA119EA6221A00860062BFFE /* MyClientsVC.swift in Sources */,
				FACCC03B2226F57C00B1B020 /* CreateNewOrderVC.swift in Sources */,
				FA40AC2D224A83120063C9B8 /* ViewBackground.swift in Sources */,
				FAFD9A8B223839E9003C2C7E /* MyServicesVC.swift in Sources */,
				FA119EA4221A00860062BFFE /* AppDelegate.swift in Sources */,
				FA9741742222F7010089D5A6 /* DetailsOfClientVC.swift in Sources */,
				FACCC0372226F37D00B1B020 /* MyOrderVC.swift in Sources */,
				FA97416C222296FF0089D5A6 /* Client.swift in Sources */,
			);
			runOnlyForDeploymentPostprocessing = 0;
		};
/* End PBXSourcesBuildPhase section */

/* Begin PBXVariantGroup section */
		FA119EA7221A00860062BFFE /* Main.storyboard */ = {
			isa = PBXVariantGroup;
			children = (
				FA119EA8221A00860062BFFE /* Base */,
			);
			name = Main.storyboard;
			sourceTree = "<group>";
		};
		FA119EAC221A00890062BFFE /* LaunchScreen.storyboard */ = {
			isa = PBXVariantGroup;
			children = (
				FA119EAD221A00890062BFFE /* Base */,
			);
			name = LaunchScreen.storyboard;
			sourceTree = "<group>";
		};
/* End PBXVariantGroup section */

/* Begin XCBuildConfiguration section */
		FA119EB0221A00890062BFFE /* Debug */ = {
			isa = XCBuildConfiguration;
			buildSettings = {
				ALWAYS_SEARCH_USER_PATHS = NO;
				CLANG_ANALYZER_NONNULL = YES;
				CLANG_ANALYZER_NUMBER_OBJECT_CONVERSION = YES_AGGRESSIVE;
				CLANG_CXX_LANGUAGE_STANDARD = "gnu++14";
				CLANG_CXX_LIBRARY = "libc++";
				CLANG_ENABLE_MODULES = YES;
				CLANG_ENABLE_OBJC_ARC = YES;
				CLANG_ENABLE_OBJC_WEAK = YES;
				CLANG_WARN_BLOCK_CAPTURE_AUTORELEASING = YES;
				CLANG_WARN_BOOL_CONVERSION = YES;
				CLANG_WARN_COMMA = YES;
				CLANG_WARN_CONSTANT_CONVERSION = YES;
				CLANG_WARN_DEPRECATED_OBJC_IMPLEMENTATIONS = YES;
				CLANG_WARN_DIRECT_OBJC_ISA_USAGE = YES_ERROR;
				CLANG_WARN_DOCUMENTATION_COMMENTS = YES;
				CLANG_WARN_EMPTY_BODY = YES;
				CLANG_WARN_ENUM_CONVERSION = YES;
				CLANG_WARN_INFINITE_RECURSION = YES;
				CLANG_WARN_INT_CONVERSION = YES;
				CLANG_WARN_NON_LITERAL_NULL_CONVERSION = YES;
				CLANG_WARN_OBJC_IMPLICIT_RETAIN_SELF = YES;
				CLANG_WARN_OBJC_LITERAL_CONVERSION = YES;
				CLANG_WARN_OBJC_ROOT_CLASS = YES_ERROR;
				CLANG_WARN_RANGE_LOOP_ANALYSIS = YES;
				CLANG_WARN_STRICT_PROTOTYPES = YES;
				CLANG_WARN_SUSPICIOUS_MOVE = YES;
				CLANG_WARN_UNGUARDED_AVAILABILITY = YES_AGGRESSIVE;
				CLANG_WARN_UNREACHABLE_CODE = YES;
				CLANG_WARN__DUPLICATE_METHOD_MATCH = YES;
				CODE_SIGN_IDENTITY = "iPhone Developer";
				COPY_PHASE_STRIP = NO;
				DEBUG_INFORMATION_FORMAT = dwarf;
				ENABLE_STRICT_OBJC_MSGSEND = YES;
				ENABLE_TESTABILITY = YES;
				GCC_C_LANGUAGE_STANDARD = gnu11;
				GCC_DYNAMIC_NO_PIC = NO;
				GCC_NO_COMMON_BLOCKS = YES;
				GCC_OPTIMIZATION_LEVEL = 0;
				GCC_PREPROCESSOR_DEFINITIONS = (
					"DEBUG=1",
					"$(inherited)",
				);
				GCC_WARN_64_TO_32_BIT_CONVERSION = YES;
				GCC_WARN_ABOUT_RETURN_TYPE = YES_ERROR;
				GCC_WARN_UNDECLARED_SELECTOR = YES;
				GCC_WARN_UNINITIALIZED_AUTOS = YES_AGGRESSIVE;
				GCC_WARN_UNUSED_FUNCTION = YES;
				GCC_WARN_UNUSED_VARIABLE = YES;
				IPHONEOS_DEPLOYMENT_TARGET = 12.1;
				MTL_ENABLE_DEBUG_INFO = INCLUDE_SOURCE;
				MTL_FAST_MATH = YES;
				ONLY_ACTIVE_ARCH = YES;
				SDKROOT = iphoneos;
				SWIFT_ACTIVE_COMPILATION_CONDITIONS = DEBUG;
				SWIFT_OPTIMIZATION_LEVEL = "-Onone";
			};
			name = Debug;
		};
		FA119EB1221A00890062BFFE /* Release */ = {
			isa = XCBuildConfiguration;
			buildSettings = {
				ALWAYS_SEARCH_USER_PATHS = NO;
				CLANG_ANALYZER_NONNULL = YES;
				CLANG_ANALYZER_NUMBER_OBJECT_CONVERSION = YES_AGGRESSIVE;
				CLANG_CXX_LANGUAGE_STANDARD = "gnu++14";
				CLANG_CXX_LIBRARY = "libc++";
				CLANG_ENABLE_MODULES = YES;
				CLANG_ENABLE_OBJC_ARC = YES;
				CLANG_ENABLE_OBJC_WEAK = YES;
				CLANG_WARN_BLOCK_CAPTURE_AUTORELEASING = YES;
				CLANG_WARN_BOOL_CONVERSION = YES;
				CLANG_WARN_COMMA = YES;
				CLANG_WARN_CONSTANT_CONVERSION = YES;
				CLANG_WARN_DEPRECATED_OBJC_IMPLEMENTATIONS = YES;
				CLANG_WARN_DIRECT_OBJC_ISA_USAGE = YES_ERROR;
				CLANG_WARN_DOCUMENTATION_COMMENTS = YES;
				CLANG_WARN_EMPTY_BODY = YES;
				CLANG_WARN_ENUM_CONVERSION = YES;
				CLANG_WARN_INFINITE_RECURSION = YES;
				CLANG_WARN_INT_CONVERSION = YES;
				CLANG_WARN_NON_LITERAL_NULL_CONVERSION = YES;
				CLANG_WARN_OBJC_IMPLICIT_RETAIN_SELF = YES;
				CLANG_WARN_OBJC_LITERAL_CONVERSION = YES;
				CLANG_WARN_OBJC_ROOT_CLASS = YES_ERROR;
				CLANG_WARN_RANGE_LOOP_ANALYSIS = YES;
				CLANG_WARN_STRICT_PROTOTYPES = YES;
				CLANG_WARN_SUSPICIOUS_MOVE = YES;
				CLANG_WARN_UNGUARDED_AVAILABILITY = YES_AGGRESSIVE;
				CLANG_WARN_UNREACHABLE_CODE = YES;
				CLANG_WARN__DUPLICATE_METHOD_MATCH = YES;
				CODE_SIGN_IDENTITY = "iPhone Developer";
				COPY_PHASE_STRIP = NO;
				DEBUG_INFORMATION_FORMAT = "dwarf-with-dsym";
				ENABLE_NS_ASSERTIONS = NO;
				ENABLE_STRICT_OBJC_MSGSEND = YES;
				GCC_C_LANGUAGE_STANDARD = gnu11;
				GCC_NO_COMMON_BLOCKS = YES;
				GCC_WARN_64_TO_32_BIT_CONVERSION = YES;
				GCC_WARN_ABOUT_RETURN_TYPE = YES_ERROR;
				GCC_WARN_UNDECLARED_SELECTOR = YES;
				GCC_WARN_UNINITIALIZED_AUTOS = YES_AGGRESSIVE;
				GCC_WARN_UNUSED_FUNCTION = YES;
				GCC_WARN_UNUSED_VARIABLE = YES;
				IPHONEOS_DEPLOYMENT_TARGET = 12.1;
				MTL_ENABLE_DEBUG_INFO = NO;
				MTL_FAST_MATH = YES;
				SDKROOT = iphoneos;
				SWIFT_COMPILATION_MODE = wholemodule;
				SWIFT_OPTIMIZATION_LEVEL = "-O";
				VALIDATE_PRODUCT = YES;
			};
			name = Release;
		};
		FA119EB3221A00890062BFFE /* Debug */ = {
			isa = XCBuildConfiguration;
			baseConfigurationReference = 102FA1EBE847F35DB55D8D75 /* Pods-CRM Repair Master.debug.xcconfig */;
			buildSettings = {
				ASSETCATALOG_COMPILER_APPICON_NAME = AppIcon;
				CODE_SIGN_STYLE = Automatic;
				DEVELOPMENT_TEAM = 3FBY8649ZP;
				INFOPLIST_FILE = "CRM Repair Master/Info.plist";
				LD_RUNPATH_SEARCH_PATHS = (
					"$(inherited)",
					"@executable_path/Frameworks",
				);
				PRODUCT_BUNDLE_IDENTIFIER = "Nikolay-Romanov.CRM-Repair-Master";
				PRODUCT_NAME = "$(TARGET_NAME)";
				SWIFT_VERSION = 4.2;
				TARGETED_DEVICE_FAMILY = "1,2";
			};
			name = Debug;
		};
		FA119EB4221A00890062BFFE /* Release */ = {
			isa = XCBuildConfiguration;
			baseConfigurationReference = 89F1053A63515F58F4F9FFFD /* Pods-CRM Repair Master.release.xcconfig */;
			buildSettings = {
				ASSETCATALOG_COMPILER_APPICON_NAME = AppIcon;
				CODE_SIGN_STYLE = Automatic;
				DEVELOPMENT_TEAM = 3FBY8649ZP;
				INFOPLIST_FILE = "CRM Repair Master/Info.plist";
				LD_RUNPATH_SEARCH_PATHS = (
					"$(inherited)",
					"@executable_path/Frameworks",
				);
				PRODUCT_BUNDLE_IDENTIFIER = "Nikolay-Romanov.CRM-Repair-Master";
				PRODUCT_NAME = "$(TARGET_NAME)";
				SWIFT_VERSION = 4.2;
				TARGETED_DEVICE_FAMILY = "1,2";
			};
			name = Release;
		};
/* End XCBuildConfiguration section */

/* Begin XCConfigurationList section */
		FA119E9B221A00860062BFFE /* Build configuration list for PBXProject "CRM Repair Master" */ = {
			isa = XCConfigurationList;
			buildConfigurations = (
				FA119EB0221A00890062BFFE /* Debug */,
				FA119EB1221A00890062BFFE /* Release */,
			);
			defaultConfigurationIsVisible = 0;
			defaultConfigurationName = Release;
		};
		FA119EB2221A00890062BFFE /* Build configuration list for PBXNativeTarget "CRM Repair Master" */ = {
			isa = XCConfigurationList;
			buildConfigurations = (
				FA119EB3221A00890062BFFE /* Debug */,
				FA119EB4221A00890062BFFE /* Release */,
			);
			defaultConfigurationIsVisible = 0;
			defaultConfigurationName = Release;
		};
/* End XCConfigurationList section */
	};
	rootObject = FA119E98221A00860062BFFE /* Project object */;
}
